
Microsoft Visual Studio Solution File, Format Version 12.00
# Visual Studio Version 17
VisualStudioVersion = 17.11.35327.3
MinimumVisualStudioVersion = 10.0.40219.1
Project("{FAE04EC0-301F-11D3-BF4B-00C04F79EFBC}") = "Homework 3", "Homework 3\Homework 3.csproj", "{158176FE-C2C4-43E8-80D7-C11955BC376B}"
EndProject
Global
	GlobalSection(SolutionConfigurationPlatforms) = preSolution
		Debug|Any CPU = Debug|Any CPU
		Release|Any CPU = Release|Any CPU
	EndGlobalSection
	GlobalSection(ProjectConfigurationPlatforms) = postSolution
		{158176FE-C2C4-43E8-80D7-C11955BC376B}.Debug|Any CPU.ActiveCfg = Debug|Any CPU
		{158176FE-C2C4-43E8-80D7-C11955BC376B}.Debug|Any CPU.Build.0 = Debug|Any CPU
		{158176FE-C2C4-43E8-80D7-C11955BC376B}.Release|Any CPU.ActiveCfg = Release|Any CPU
		{158176FE-C2C4-43E8-80D7-C11955BC376B}.Release|Any CPU.Build.0 = Release|Any CPU
	EndGlobalSection
	GlobalSection(SolutionProperties) = preSolution
		HideSolutionNode = FALSE
	EndGlobalSection
	GlobalSection(ExtensibilityGlobals) = postSolution
		SolutionGuid = {7E77B7F3-E816-4557-9633-89F0EED9223C}
	EndGlobalSection
EndGlobal
