
Microsoft Visual Studio Solution File, Format Version 12.00
# Visual Studio Version 17
VisualStudioVersion = 17.11.35327.3
MinimumVisualStudioVersion = 10.0.40219.1
Project("{888888A0-9F3D-457C-B088-3A5042F75D52}") = "Nuts", "Nuts\Nuts.pyproj", "{A49F770A-F2E6-4836-AC5C-7B5C740A635B}"
EndProject
Global
	GlobalSection(SolutionConfigurationPlatforms) = preSolution
		Debug|Any CPU = Debug|Any CPU
		Release|Any CPU = Release|Any CPU
	EndGlobalSection
	GlobalSection(ProjectConfigurationPlatforms) = postSolution
		{A49F770A-F2E6-4836-AC5C-7B5C740A635B}.Debug|Any CPU.ActiveCfg = Debug|Any CPU
		{A49F770A-F2E6-4836-AC5C-7B5C740A635B}.Release|Any CPU.ActiveCfg = Release|Any CPU
	EndGlobalSection
	GlobalSection(SolutionProperties) = preSolution
		HideSolutionNode = FALSE
	EndGlobalSection
	GlobalSection(ExtensibilityGlobals) = postSolution
		SolutionGuid = {221F8B1A-DE21-4D66-9607-E2E449303FEE}
	EndGlobalSection
EndGlobal
